// !$*UTF8*$!
{
	archiveVersion = 1;
	classes = {
	};
	objectVersion = 46;
	objects = {

/* Begin PBXBuildFile section */
		9A526C661DD5D07900015D03 /* main.m in Sources */ = {isa = PBXBuildFile; fileRef = 9A526C651DD5D07900015D03 /* main.m */; };
		9A526C691DD5D07900015D03 /* AppDelegate.m in Sources */ = {isa = PBXBuildFile; fileRef = 9A526C681DD5D07900015D03 /* AppDelegate.m */; };
		9A526C6C1DD5D07900015D03 /* ViewController.m in Sources */ = {isa = PBXBuildFile; fileRef = 9A526C6B1DD5D07900015D03 /* ViewController.m */; };
		9A526C6F1DD5D07900015D03 /* Main.storyboard in Resources */ = {isa = PBXBuildFile; fileRef = 9A526C6D1DD5D07900015D03 /* Main.storyboard */; };
		9A526C711DD5D07900015D03 /* Assets.xcassets in Resources */ = {isa = PBXBuildFile; fileRef = 9A526C701DD5D07900015D03 /* Assets.xcassets */; };
		9A526C741DD5D07900015D03 /* LaunchScreen.storyboard in Resources */ = {isa = PBXBuildFile; fileRef = 9A526C721DD5D07900015D03 /* LaunchScreen.storyboard */; };
		9A526CA11DD6040100015D03 /* DemoCell.m in Sources */ = {isa = PBXBuildFile; fileRef = 9A526C971DD6040100015D03 /* DemoCell.m */; };
		9A526CA41DD6040100015D03 /* DemoCellModel.m in Sources */ = {isa = PBXBuildFile; fileRef = 9A526C9D1DD6040100015D03 /* DemoCellModel.m */; };
		9A526CA91DD6086800015D03 /* DemoCell_XIB.m in Sources */ = {isa = PBXBuildFile; fileRef = 9A526CA71DD6086800015D03 /* DemoCell_XIB.m */; };
		9A526CAA1DD6086800015D03 /* DemoCell_XIB.xib in Resources */ = {isa = PBXBuildFile; fileRef = 9A526CA81DD6086800015D03 /* DemoCell_XIB.xib */; };
		9A526CAD1DD6092400015D03 /* DemoCellModel_XIB.m in Sources */ = {isa = PBXBuildFile; fileRef = 9A526CAC1DD6092400015D03 /* DemoCellModel_XIB.m */; };
		9A9FDF2B1E7A331500661C6F /* WFDataSource.m in Sources */ = {isa = PBXBuildFile; fileRef = 9A9FDF2A1E7A331500661C6F /* WFDataSource.m */; };
/* End PBXBuildFile section */

/* Begin PBXFileReference section */
		9A526C611DD5D07900015D03 /* WFDataSourceDemo.app */ = {isa = PBXFileReference; explicitFileType = wrapper.application; includeInIndex = 0; path = WFDataSourceDemo.app; sourceTree = BUILT_PRODUCTS_DIR; };
		9A526C651DD5D07900015D03 /* main.m */ = {isa = PBXFileReference; lastKnownFileType = sourcecode.c.objc; path = main.m; sourceTree = "<group>"; };
		9A526C671DD5D07900015D03 /* AppDelegate.h */ = {isa = PBXFileReference; lastKnownFileType = sourcecode.c.h; path = AppDelegate.h; sourceTree = "<group>"; };
		9A526C681DD5D07900015D03 /* AppDelegate.m */ = {isa = PBXFileReference; lastKnownFileType = sourcecode.c.objc; path = AppDelegate.m; sourceTree = "<group>"; };
		9A526C6A1DD5D07900015D03 /* ViewController.h */ = {isa = PBXFileReference; lastKnownFileType = sourcecode.c.h; path = ViewController.h; sourceTree = "<group>"; };
		9A526C6B1DD5D07900015D03 /* ViewController.m */ = {isa = PBXFileReference; lastKnownFileType = sourcecode.c.objc; path = ViewController.m; sourceTree = "<group>"; };
		9A526C6E1DD5D07900015D03 /* Base */ = {isa = PBXFileReference; lastKnownFileType = file.storyboard; name = Base; path = Base.lproj/Main.storyboard; sourceTree = "<group>"; };
		9A526C701DD5D07900015D03 /* Assets.xcassets */ = {isa = PBXFileReference; lastKnownFileType = folder.assetcatalog; path = Assets.xcassets; sourceTree = "<group>"; };
		9A526C731DD5D07900015D03 /* Base */ = {isa = PBXFileReference; lastKnownFileType = file.storyboard; name = Base; path = Base.lproj/LaunchScreen.storyboard; sourceTree = "<group>"; };
		9A526C751DD5D07900015D03 /* Info.plist */ = {isa = PBXFileReference; lastKnownFileType = text.plist.xml; path = Info.plist; sourceTree = "<group>"; };
		9A526C961DD6040100015D03 /* DemoCell.h */ = {isa = PBXFileReference; fileEncoding = 4; lastKnownFileType = sourcecode.c.h; path = DemoCell.h; sourceTree = "<group>"; };
		9A526C971DD6040100015D03 /* DemoCell.m */ = {isa = PBXFileReference; fileEncoding = 4; lastKnownFileType = sourcecode.c.objc; path = DemoCell.m; sourceTree = "<group>"; };
		9A526C9C1DD6040100015D03 /* DemoCellModel.h */ = {isa = PBXFileReference; fileEncoding = 4; lastKnownFileType = sourcecode.c.h; path = DemoCellModel.h; sourceTree = "<group>"; };
		9A526C9D1DD6040100015D03 /* DemoCellModel.m */ = {isa = PBXFileReference; fileEncoding = 4; lastKnownFileType = sourcecode.c.objc; path = DemoCellModel.m; sourceTree = "<group>"; };
		9A526CA61DD6086800015D03 /* DemoCell_XIB.h */ = {isa = PBXFileReference; fileEncoding = 4; lastKnownFileType = sourcecode.c.h; path = DemoCell_XIB.h; sourceTree = "<group>"; };
		9A526CA71DD6086800015D03 /* DemoCell_XIB.m */ = {isa = PBXFileReference; fileEncoding = 4; lastKnownFileType = sourcecode.c.objc; path = DemoCell_XIB.m; sourceTree = "<group>"; };
		9A526CA81DD6086800015D03 /* DemoCell_XIB.xib */ = {isa = PBXFileReference; fileEncoding = 4; lastKnownFileType = file.xib; path = DemoCell_XIB.xib; sourceTree = "<group>"; };
		9A526CAB1DD6092400015D03 /* DemoCellModel_XIB.h */ = {isa = PBXFileReference; fileEncoding = 4; lastKnownFileType = sourcecode.c.h; path = DemoCellModel_XIB.h; sourceTree = "<group>"; };
		9A526CAC1DD6092400015D03 /* DemoCellModel_XIB.m */ = {isa = PBXFileReference; fileEncoding = 4; lastKnownFileType = sourcecode.c.objc; path = DemoCellModel_XIB.m; sourceTree = "<group>"; };
		9A9FDF291E7A331500661C6F /* WFDataSource.h */ = {isa = PBXFileReference; fileEncoding = 4; lastKnownFileType = sourcecode.c.h; path = WFDataSource.h; sourceTree = "<group>"; };
		9A9FDF2A1E7A331500661C6F /* WFDataSource.m */ = {isa = PBXFileReference; fileEncoding = 4; lastKnownFileType = sourcecode.c.objc; path = WFDataSource.m; sourceTree = "<group>"; };
/* End PBXFileReference section */

/* Begin PBXFrameworksBuildPhase section */
		9A526C5E1DD5D07900015D03 /* Frameworks */ = {
			isa = PBXFrameworksBuildPhase;
			buildActionMask = 2147483647;
			files = (
			);
			runOnlyForDeploymentPostprocessing = 0;
		};
/* End PBXFrameworksBuildPhase section */

/* Begin PBXGroup section */
		9A526C581DD5D07900015D03 = {
			isa = PBXGroup;
			children = (
				9A9FDF281E7A331500661C6F /* WFDataSource */,
				9A526C631DD5D07900015D03 /* WFDataSourceDemo */,
				9A526C621DD5D07900015D03 /* Products */,
			);
			sourceTree = "<group>";
		};
		9A526C621DD5D07900015D03 /* Products */ = {
			isa = PBXGroup;
			children = (
				9A526C611DD5D07900015D03 /* WFDataSourceDemo.app */,
			);
			name = Products;
			sourceTree = "<group>";
		};
		9A526C631DD5D07900015D03 /* WFDataSourceDemo */ = {
			isa = PBXGroup;
			children = (
				9A526C951DD6040100015D03 /* Cell */,
				9A526C9B1DD6040100015D03 /* Model */,
				9A526C671DD5D07900015D03 /* AppDelegate.h */,
				9A526C681DD5D07900015D03 /* AppDelegate.m */,
				9A526C6A1DD5D07900015D03 /* ViewController.h */,
				9A526C6B1DD5D07900015D03 /* ViewController.m */,
				9A526C6D1DD5D07900015D03 /* Main.storyboard */,
				9A526C701DD5D07900015D03 /* Assets.xcassets */,
				9A526C721DD5D07900015D03 /* LaunchScreen.storyboard */,
				9A526C751DD5D07900015D03 /* Info.plist */,
				9A526C641DD5D07900015D03 /* Supporting Files */,
			);
			path = WFDataSourceDemo;
			sourceTree = "<group>";
		};
		9A526C641DD5D07900015D03 /* Supporting Files */ = {
			isa = PBXGroup;
			children = (
				9A526C651DD5D07900015D03 /* main.m */,
			);
			name = "Supporting Files";
			sourceTree = "<group>";
		};
		9A526C951DD6040100015D03 /* Cell */ = {
			isa = PBXGroup;
			children = (
				9A526C961DD6040100015D03 /* DemoCell.h */,
				9A526C971DD6040100015D03 /* DemoCell.m */,
				9A526CA61DD6086800015D03 /* DemoCell_XIB.h */,
				9A526CA71DD6086800015D03 /* DemoCell_XIB.m */,
				9A526CA81DD6086800015D03 /* DemoCell_XIB.xib */,
			);
			path = Cell;
			sourceTree = "<group>";
		};
		9A526C9B1DD6040100015D03 /* Model */ = {
			isa = PBXGroup;
			children = (
				9A526C9C1DD6040100015D03 /* DemoCellModel.h */,
				9A526C9D1DD6040100015D03 /* DemoCellModel.m */,
				9A526CAB1DD6092400015D03 /* DemoCellModel_XIB.h */,
				9A526CAC1DD6092400015D03 /* DemoCellModel_XIB.m */,
			);
			path = Model;
			sourceTree = "<group>";
		};
		9A9FDF281E7A331500661C6F /* WFDataSource */ = {
			isa = PBXGroup;
			children = (
				9A9FDF291E7A331500661C6F /* WFDataSource.h */,
				9A9FDF2A1E7A331500661C6F /* WFDataSource.m */,
			);
			name = WFDataSource;
			path = ../WFDataSource;
			sourceTree = "<group>";
		};
/* End PBXGroup section */

/* Begin PBXNativeTarget section */
		9A526C601DD5D07900015D03 /* WFDataSourceDemo */ = {
			isa = PBXNativeTarget;
			buildConfigurationList = 9A526C781DD5D07900015D03 /* Build configuration list for PBXNativeTarget "WFDataSourceDemo" */;
			buildPhases = (
				9A526C5D1DD5D07900015D03 /* Sources */,
				9A526C5E1DD5D07900015D03 /* Frameworks */,
				9A526C5F1DD5D07900015D03 /* Resources */,
			);
			buildRules = (
			);
			dependencies = (
			);
			name = WFDataSourceDemo;
			productName = WFDataSourceDemo;
			productReference = 9A526C611DD5D07900015D03 /* WFDataSourceDemo.app */;
			productType = "com.apple.product-type.application";
		};
/* End PBXNativeTarget section */

/* Begin PBXProject section */
		9A526C591DD5D07900015D03 /* Project object */ = {
			isa = PBXProject;
			attributes = {
				LastUpgradeCheck = 0800;
				ORGANIZATIONNAME = "江文帆";
				TargetAttributes = {
					9A526C601DD5D07900015D03 = {
						CreatedOnToolsVersion = 8.0;
						DevelopmentTeam = FGHN8DYJP5;
						ProvisioningStyle = Automatic;
					};
				};
			};
			buildConfigurationList = 9A526C5C1DD5D07900015D03 /* Build configuration list for PBXProject "WFDataSourceDemo" */;
			compatibilityVersion = "Xcode 3.2";
			developmentRegion = English;
			hasScannedForEncodings = 0;
			knownRegions = (
				en,
				Base,
			);
			mainGroup = 9A526C581DD5D07900015D03;
			productRefGroup = 9A526C621DD5D07900015D03 /* Products */;
			projectDirPath = "";
			projectRoot = "";
			targets = (
				9A526C601DD5D07900015D03 /* WFDataSourceDemo */,
			);
		};
/* End PBXProject section */

/* Begin PBXResourcesBuildPhase section */
		9A526C5F1DD5D07900015D03 /* Resources */ = {
			isa = PBXResourcesBuildPhase;
			buildActionMask = 2147483647;
			files = (
				9A526C741DD5D07900015D03 /* LaunchScreen.storyboard in Resources */,
				9A526C711DD5D07900015D03 /* Assets.xcassets in Resources */,
				9A526CAA1DD6086800015D03 /* DemoCell_XIB.xib in Resources */,
				9A526C6F1DD5D07900015D03 /* Main.storyboard in Resources */,
			);
			runOnlyForDeploymentPostprocessing = 0;
		};
/* End PBXResourcesBuildPhase section */

/* Begin PBXSourcesBuildPhase section */
		9A526C5D1DD5D07900015D03 /* Sources */ = {
			isa = PBXSourcesBuildPhase;
			buildActionMask = 2147483647;
			files = (
				9A526C6C1DD5D07900015D03 /* ViewController.m in Sources */,
				9A9FDF2B1E7A331500661C6F /* WFDataSource.m in Sources */,
				9A526CA41DD6040100015D03 /* DemoCellModel.m in Sources */,
				9A526CA11DD6040100015D03 /* DemoCell.m in Sources */,
				9A526C691DD5D07900015D03 /* AppDelegate.m in Sources */,
				9A526C661DD5D07900015D03 /* main.m in Sources */,
				9A526CA91DD6086800015D03 /* DemoCell_XIB.m in Sources */,
				9A526CAD1DD6092400015D03 /* DemoCellModel_XIB.m in Sources */,
			);
			runOnlyForDeploymentPostprocessing = 0;
		};
/* End PBXSourcesBuildPhase section */

/* Begin PBXVariantGroup section */
		9A526C6D1DD5D07900015D03 /* Main.storyboard */ = {
			isa = PBXVariantGroup;
			children = (
				9A526C6E1DD5D07900015D03 /* Base */,
			);
			name = Main.storyboard;
			sourceTree = "<group>";
		};
		9A526C721DD5D07900015D03 /* LaunchScreen.storyboard */ = {
			isa = PBXVariantGroup;
			children = (
				9A526C731DD5D07900015D03 /* Base */,
			);
			name = LaunchScreen.storyboard;
			sourceTree = "<group>";
		};
/* End PBXVariantGroup section */

/* Begin XCBuildConfiguration section */
		9A526C761DD5D07900015D03 /* Debug */ = {
			isa = XCBuildConfiguration;
			buildSettings = {
				ALWAYS_SEARCH_USER_PATHS = NO;
				CLANG_ANALYZER_NONNULL = YES;
				CLANG_CXX_LANGUAGE_STANDARD = "gnu++0x";
				CLANG_CXX_LIBRARY = "libc++";
				CLANG_ENABLE_MODULES = YES;
				CLANG_ENABLE_OBJC_ARC = YES;
				CLANG_WARN_BOOL_CONVERSION = YES;
				CLANG_WARN_CONSTANT_CONVERSION = YES;
				CLANG_WARN_DIRECT_OBJC_ISA_USAGE = YES_ERROR;
				CLANG_WARN_DOCUMENTATION_COMMENTS = YES;
				CLANG_WARN_EMPTY_BODY = YES;
				CLANG_WARN_ENUM_CONVERSION = YES;
				CLANG_WARN_INFINITE_RECURSION = YES;
				CLANG_WARN_INT_CONVERSION = YES;
				CLANG_WARN_OBJC_ROOT_CLASS = YES_ERROR;
				CLANG_WARN_SUSPICIOUS_MOVES = YES;
				CLANG_WARN_UNREACHABLE_CODE = YES;
				CLANG_WARN__DUPLICATE_METHOD_MATCH = YES;
				"CODE_SIGN_IDENTITY[sdk=iphoneos*]" = "iPhone Developer";
				COPY_PHASE_STRIP = NO;
				DEBUG_INFORMATION_FORMAT = dwarf;
				ENABLE_STRICT_OBJC_MSGSEND = YES;
				ENABLE_TESTABILITY = YES;
				GCC_C_LANGUAGE_STANDARD = gnu99;
				GCC_DYNAMIC_NO_PIC = NO;
				GCC_NO_COMMON_BLOCKS = YES;
				GCC_OPTIMIZATION_LEVEL = 0;
				GCC_PREPROCESSOR_DEFINITIONS = (
					"DEBUG=1",
					"$(inherited)",
				);
				GCC_WARN_64_TO_32_BIT_CONVERSION = YES;
				GCC_WARN_ABOUT_RETURN_TYPE = YES_ERROR;
				GCC_WARN_UNDECLARED_SELECTOR = YES;
				GCC_WARN_UNINITIALIZED_AUTOS = YES_AGGRESSIVE;
				GCC_WARN_UNUSED_FUNCTION = YES;
				GCC_WARN_UNUSED_VARIABLE = YES;
				IPHONEOS_DEPLOYMENT_TARGET = 10.0;
				MTL_ENABLE_DEBUG_INFO = YES;
				ONLY_ACTIVE_ARCH = YES;
				SDKROOT = iphoneos;
			};
			name = Debug;
		};
		9A526C771DD5D07900015D03 /* Release */ = {
			isa = XCBuildConfiguration;
			buildSettings = {
				ALWAYS_SEARCH_USER_PATHS = NO;
				CLANG_ANALYZER_NONNULL = YES;
				CLANG_CXX_LANGUAGE_STANDARD = "gnu++0x";
				CLANG_CXX_LIBRARY = "libc++";
				CLANG_ENABLE_MODULES = YES;
				CLANG_ENABLE_OBJC_ARC = YES;
				CLANG_WARN_BOOL_CONVERSION = YES;
				CLANG_WARN_CONSTANT_CONVERSION = YES;
				CLANG_WARN_DIRECT_OBJC_ISA_USAGE = YES_ERROR;
				CLANG_WARN_DOCUMENTATION_COMMENTS = YES;
				CLANG_WARN_EMPTY_BODY = YES;
				CLANG_WARN_ENUM_CONVERSION = YES;
				CLANG_WARN_INFINITE_RECURSION = YES;
				CLANG_WARN_INT_CONVERSION = YES;
				CLANG_WARN_OBJC_ROOT_CLASS = YES_ERROR;
				CLANG_WARN_SUSPICIOUS_MOVES = YES;
				CLANG_WARN_UNREACHABLE_CODE = YES;
				CLANG_WARN__DUPLICATE_METHOD_MATCH = YES;
				"CODE_SIGN_IDENTITY[sdk=iphoneos*]" = "iPhone Developer";
				COPY_PHASE_STRIP = NO;
				DEBUG_INFORMATION_FORMAT = "dwarf-with-dsym";
				ENABLE_NS_ASSERTIONS = NO;
				ENABLE_STRICT_OBJC_MSGSEND = YES;
				GCC_C_LANGUAGE_STANDARD = gnu99;
				GCC_NO_COMMON_BLOCKS = YES;
				GCC_WARN_64_TO_32_BIT_CONVERSION = YES;
				GCC_WARN_ABOUT_RETURN_TYPE = YES_ERROR;
				GCC_WARN_UNDECLARED_SELECTOR = YES;
				GCC_WARN_UNINITIALIZED_AUTOS = YES_AGGRESSIVE;
				GCC_WARN_UNUSED_FUNCTION = YES;
				GCC_WARN_UNUSED_VARIABLE = YES;
				IPHONEOS_DEPLOYMENT_TARGET = 10.0;
				MTL_ENABLE_DEBUG_INFO = NO;
				SDKROOT = iphoneos;
				VALIDATE_PRODUCT = YES;
			};
			name = Release;
		};
		9A526C791DD5D07900015D03 /* Debug */ = {
			isa = XCBuildConfiguration;
			buildSettings = {
				ASSETCATALOG_COMPILER_APPICON_NAME = AppIcon;
				DEVELOPMENT_TEAM = FGHN8DYJP5;
				INFOPLIST_FILE = WFDataSourceDemo/Info.plist;
				LD_RUNPATH_SEARCH_PATHS = "$(inherited) @executable_path/Frameworks";
				PRODUCT_BUNDLE_IDENTIFIER = com.wfapp.WFDataSourceDemo;
				PRODUCT_NAME = "$(TARGET_NAME)";
			};
			name = Debug;
		};
		9A526C7A1DD5D07900015D03 /* Release */ = {
			isa = XCBuildConfiguration;
			buildSettings = {
				ASSETCATALOG_COMPILER_APPICON_NAME = AppIcon;
				DEVELOPMENT_TEAM = FGHN8DYJP5;
				INFOPLIST_FILE = WFDataSourceDemo/Info.plist;
				LD_RUNPATH_SEARCH_PATHS = "$(inherited) @executable_path/Frameworks";
				PRODUCT_BUNDLE_IDENTIFIER = com.wfapp.WFDataSourceDemo;
				PRODUCT_NAME = "$(TARGET_NAME)";
			};
			name = Release;
		};
/* End XCBuildConfiguration section */

/* Begin XCConfigurationList section */
		9A526C5C1DD5D07900015D03 /* Build configuration list for PBXProject "WFDataSourceDemo" */ = {
			isa = XCConfigurationList;
			buildConfigurations = (
				9A526C761DD5D07900015D03 /* Debug */,
				9A526C771DD5D07900015D03 /* Release */,
			);
			defaultConfigurationIsVisible = 0;
			defaultConfigurationName = Release;
		};
		9A526C781DD5D07900015D03 /* Build configuration list for PBXNativeTarget "WFDataSourceDemo" */ = {
			isa = XCConfigurationList;
			buildConfigurations = (
				9A526C791DD5D07900015D03 /* Debug */,
				9A526C7A1DD5D07900015D03 /* Release */,
			);
			defaultConfigurationIsVisible = 0;
			defaultConfigurationName = Release;
		};
/* End XCConfigurationList section */
	};
	rootObject = 9A526C591DD5D07900015D03 /* Project object */;
}
